// !$*UTF8*$!
{
	archiveVersion = 1;
	classes = {
	};
	objectVersion = 46;
	objects = {

/* Begin PBXBuildFile section */
		A83A43B81BA21C5400C13298 /* main.cpp in Sources */ = {isa = PBXBuildFile; fileRef = A83A43B71BA21C5400C13298 /* main.cpp */; };
/* End PBXBuildFile section */

/* Begin PBXCopyFilesBuildPhase section */
		A83A43B21BA21C5300C13298 /* CopyFiles */ = {
			isa = PBXCopyFilesBuildPhase;
			buildActionMask = 2147483647;
			dstPath = /usr/share/man/man1/;
			dstSubfolderSpec = 0;
			files = (
			);
			runOnlyForDeploymentPostprocessing = 1;
		};
/* End PBXCopyFilesBuildPhase section */

/* Begin PBXFileReference section */
		A80A1F421BAF4572007C9FB3 /* input.txt */ = {isa = PBXFileReference; fileEncoding = 4; lastKnownFileType = text; path = input.txt; sourceTree = "<group>"; };
		A83A43B41BA21C5400C13298 /* Assignment_I */ = {isa = PBXFileReference; explicitFileType = "compiled.mach-o.executable"; includeInIndex = 0; path = Assignment_I; sourceTree = BUILT_PRODUCTS_DIR; };
		A83A43B71BA21C5400C13298 /* main.cpp */ = {isa = PBXFileReference; lastKnownFileType = sourcecode.cpp.cpp; path = main.cpp; sourceTree = "<group>"; };
		A83A43BF1BA21C7B00C13298 /* CircularSingleLinkedList_HAM.hpp */ = {isa = PBXFileReference; fileEncoding = 4; lastKnownFileType = sourcecode.cpp.h; path = CircularSingleLinkedList_HAM.hpp; sourceTree = "<group>"; };
/* End PBXFileReference section */

/* Begin PBXFrameworksBuildPhase section */
		A83A43B11BA21C5300C13298 /* Frameworks */ = {
			isa = PBXFrameworksBuildPhase;
			buildActionMask = 2147483647;
			files = (
			);
			runOnlyForDeploymentPostprocessing = 0;
		};
/* End PBXFrameworksBuildPhase section */

/* Begin PBXGroup section */
		A83A43AB1BA21C5300C13298 = {
			isa = PBXGroup;
			children = (
				A83A43B61BA21C5400C13298 /* Assignment_I */,
				A83A43B51BA21C5400C13298 /* Products */,
			);
			sourceTree = "<group>";
		};
		A83A43B51BA21C5400C13298 /* Products */ = {
			isa = PBXGroup;
			children = (
				A83A43B41BA21C5400C13298 /* Assignment_I */,
			);
			name = Products;
			sourceTree = "<group>";
		};
		A83A43B61BA21C5400C13298 /* Assignment_I */ = {
			isa = PBXGroup;
			children = (
				A83A43B71BA21C5400C13298 /* main.cpp */,
				A83A43BF1BA21C7B00C13298 /* CircularSingleLinkedList_HAM.hpp */,
				A80A1F421BAF4572007C9FB3 /* input.txt */,
			);
			path = Assignment_I;
			sourceTree = "<group>";
		};
/* End PBXGroup section */

/* Begin PBXNativeTarget section */
		A83A43B31BA21C5300C13298 /* Assignment_I */ = {
			isa = PBXNativeTarget;
			buildConfigurationList = A83A43BB1BA21C5400C13298 /* Build configuration list for PBXNativeTarget "Assignment_I" */;
			buildPhases = (
				A83A43B01BA21C5300C13298 /* Sources */,
				A83A43B11BA21C5300C13298 /* Frameworks */,
				A83A43B21BA21C5300C13298 /* CopyFiles */,
			);
			buildRules = (
			);
			dependencies = (
			);
			name = Assignment_I;
			productName = Assignment_I;
			productReference = A83A43B41BA21C5400C13298 /* Assignment_I */;
			productType = "com.apple.product-type.tool";
		};
/* End PBXNativeTarget section */

/* Begin PBXProject section */
		A83A43AC1BA21C5300C13298 /* Project object */ = {
			isa = PBXProject;
			attributes = {
				LastUpgradeCheck = 0700;
				ORGANIZATIONNAME = HAM;
				TargetAttributes = {
					A83A43B31BA21C5300C13298 = {
						CreatedOnToolsVersion = 7.0;
					};
				};
			};
			buildConfigurationList = A83A43AF1BA21C5300C13298 /* Build configuration list for PBXProject "Assignment_I" */;
			compatibilityVersion = "Xcode 3.2";
			developmentRegion = English;
			hasScannedForEncodings = 0;
			knownRegions = (
				en,
			);
			mainGroup = A83A43AB1BA21C5300C13298;
			productRefGroup = A83A43B51BA21C5400C13298 /* Products */;
			projectDirPath = "";
			projectRoot = "";
			targets = (
				A83A43B31BA21C5300C13298 /* Assignment_I */,
			);
		};
/* End PBXProject section */

/* Begin PBXSourcesBuildPhase section */
		A83A43B01BA21C5300C13298 /* Sources */ = {
			isa = PBXSourcesBuildPhase;
			buildActionMask = 2147483647;
			files = (
				A83A43B81BA21C5400C13298 /* main.cpp in Sources */,
			);
			runOnlyForDeploymentPostprocessing = 0;
		};
/* End PBXSourcesBuildPhase section */

/* Begin XCBuildConfiguration section */
		A83A43B91BA21C5400C13298 /* Debug */ = {
			isa = XCBuildConfiguration;
			buildSettings = {
				ALWAYS_SEARCH_USER_PATHS = NO;
				CLANG_CXX_LANGUAGE_STANDARD = "gnu++0x";
				CLANG_CXX_LIBRARY = "libc++";
				CLANG_ENABLE_MODULES = YES;
				CLANG_ENABLE_OBJC_ARC = YES;
				CLANG_WARN_BOOL_CONVERSION = YES;
				CLANG_WARN_CONSTANT_CONVERSION = YES;
				CLANG_WARN_DIRECT_OBJC_ISA_USAGE = YES_ERROR;
				CLANG_WARN_EMPTY_BODY = YES;
				CLANG_WARN_ENUM_CONVERSION = YES;
				CLANG_WARN_INT_CONVERSION = YES;
				CLANG_WARN_OBJC_ROOT_CLASS = YES_ERROR;
				CLANG_WARN_UNREACHABLE_CODE = YES;
				CLANG_WARN__DUPLICATE_METHOD_MATCH = YES;
				COPY_PHASE_STRIP = NO;
				DEBUG_INFORMATION_FORMAT = dwarf;
				ENABLE_STRICT_OBJC_MSGSEND = YES;
				ENABLE_TESTABILITY = YES;
				GCC_C_LANGUAGE_STANDARD = gnu99;
				GCC_DYNAMIC_NO_PIC = NO;
				GCC_NO_COMMON_BLOCKS = YES;
				GCC_OPTIMIZATION_LEVEL = 0;
				GCC_PREPROCESSOR_DEFINITIONS = (
					"DEBUG=1",
					"$(inherited)",
				);
				GCC_WARN_64_TO_32_BIT_CONVERSION = YES;
				GCC_WARN_ABOUT_RETURN_TYPE = YES_ERROR;
				GCC_WARN_UNDECLARED_SELECTOR = YES;
				GCC_WARN_UNINITIALIZED_AUTOS = YES_AGGRESSIVE;
				GCC_WARN_UNUSED_FUNCTION = YES;
				GCC_WARN_UNUSED_VARIABLE = YES;
				MACOSX_DEPLOYMENT_TARGET = 10.11;
				MTL_ENABLE_DEBUG_INFO = YES;
				ONLY_ACTIVE_ARCH = YES;
				SDKROOT = macosx;
			};
			name = Debug;
		};
		A83A43BA1BA21C5400C13298 /* Release */ = {
			isa = XCBuildConfiguration;
			buildSettings = {
				ALWAYS_SEARCH_USER_PATHS = NO;
				CLANG_CXX_LANGUAGE_STANDARD = "gnu++0x";
				CLANG_CXX_LIBRARY = "libc++";
				CLANG_ENABLE_MODULES = YES;
				CLANG_ENABLE_OBJC_ARC = YES;
				CLANG_WARN_BOOL_CONVERSION = YES;
				CLANG_WARN_CONSTANT_CONVERSION = YES;
				CLANG_WARN_DIRECT_OBJC_ISA_USAGE = YES_ERROR;
				CLANG_WARN_EMPTY_BODY = YES;
				CLANG_WARN_ENUM_CONVERSION = YES;
				CLANG_WARN_INT_CONVERSION = YES;
				CLANG_WARN_OBJC_ROOT_CLASS = YES_ERROR;
				CLANG_WARN_UNREACHABLE_CODE = YES;
				CLANG_WARN__DUPLICATE_METHOD_MATCH = YES;
				COPY_PHASE_STRIP = NO;
				DEBUG_INFORMATION_FORMAT = "dwarf-with-dsym";
				ENABLE_NS_ASSERTIONS = NO;
				ENABLE_STRICT_OBJC_MSGSEND = YES;
				GCC_C_LANGUAGE_STANDARD = gnu99;
				GCC_NO_COMMON_BLOCKS = YES;
				GCC_WARN_64_TO_32_BIT_CONVERSION = YES;
				GCC_WARN_ABOUT_RETURN_TYPE = YES_ERROR;
				GCC_WARN_UNDECLARED_SELECTOR = YES;
				GCC_WARN_UNINITIALIZED_AUTOS = YES_AGGRESSIVE;
				GCC_WARN_UNUSED_FUNCTION = YES;
				GCC_WARN_UNUSED_VARIABLE = YES;
				MACOSX_DEPLOYMENT_TARGET = 10.11;
				MTL_ENABLE_DEBUG_INFO = NO;
				SDKROOT = macosx;
			};
			name = Release;
		};
		A83A43BC1BA21C5400C13298 /* Debug */ = {
			isa = XCBuildConfiguration;
			buildSettings = {
				PRODUCT_NAME = "$(TARGET_NAME)";
			};
			name = Debug;
		};
		A83A43BD1BA21C5400C13298 /* Release */ = {
			isa = XCBuildConfiguration;
			buildSettings = {
				PRODUCT_NAME = "$(TARGET_NAME)";
			};
			name = Release;
		};
/* End XCBuildConfiguration section */

/* Begin XCConfigurationList section */
		A83A43AF1BA21C5300C13298 /* Build configuration list for PBXProject "Assignment_I" */ = {
			isa = XCConfigurationList;
			buildConfigurations = (
				A83A43B91BA21C5400C13298 /* Debug */,
				A83A43BA1BA21C5400C13298 /* Release */,
			);
			defaultConfigurationIsVisible = 0;
			defaultConfigurationName = Release;
		};
		A83A43BB1BA21C5400C13298 /* Build configuration list for PBXNativeTarget "Assignment_I" */ = {
			isa = XCConfigurationList;
			buildConfigurations = (
				A83A43BC1BA21C5400C13298 /* Debug */,
				A83A43BD1BA21C5400C13298 /* Release */,
			);
			defaultConfigurationIsVisible = 0;
			defaultConfigurationName = Release;
		};
/* End XCConfigurationList section */
	};
	rootObject = A83A43AC1BA21C5300C13298 /* Project object */;
}
